schema: '2.0'
stages:
  data_collection:
    cmd: python3 src/data/data_collection.py
    deps:
    - path: src/data/data_collection.py
      hash: md5
      md5: 8633b824e83d0ed80ebc421c69221025
      size: 1677
    params:
      params.yaml:
        data_collection.test_size: 0.25
    outs:
    - path: data/raw
      hash: md5
      md5: 4f9f1b6cafe09da487d523dae3a6fe82.dir
      size: 518984
      nfiles: 2
  pre_processing:
    cmd: python3 src/data/data_prep.py
    deps:
    - path: data/raw
      hash: md5
      md5: 4f9f1b6cafe09da487d523dae3a6fe82.dir
      size: 518984
      nfiles: 2
    - path: src/data/data_prep.py
      hash: md5
      md5: 228c2f5058e55dd8461869e1d92065fa
      size: 1146
    outs:
    - path: data/processed
      hash: md5
      md5: a8104fe8bd7211d663e2dffdfc61489c.dir
      size: 518608
      nfiles: 2
  model_building:
    cmd: python3 src/model/model_building.py
    deps:
    - path: data/processed
      hash: md5
      md5: a8104fe8bd7211d663e2dffdfc61489c.dir
      size: 518608
      nfiles: 2
    - path: src/model/model_building.py
      hash: md5
      md5: 2014e0ac3f619bc7b7ae7b5cdb3d605b
      size: 2196
    params:
      params.yaml:
        model_building.n_estimators: 120
    outs:
    - path: models/model.pkl
      hash: md5
      md5: 6f263350c4edc2e7a709737d354d672f
      size: 8136678
  model_evaluation:
    cmd: python3 src/model/model_eval.py
    deps:
    - path: models/model.pkl
      hash: md5
      md5: 6f263350c4edc2e7a709737d354d672f
      size: 8136678
    - path: src/model/model_eval.py
      hash: md5
      md5: 790514a6130b3f10d0289d56c30e7b24
      size: 2514
    outs:
    - path: reports/metrics.json
      hash: md5
      md5: d08ef656735425a9dd8df59a59e77225
      size: 151
