schema: '2.0'
stages:
  data_collection:
    cmd: python3 src/data/data_collection.py
    deps:
    - path: src/data/data_collection.py
      hash: md5
      md5: 8633b824e83d0ed80ebc421c69221025
      size: 1677
    params:
      params.yaml:
        data_collection.test_size: 0.1
    outs:
    - path: data/raw
      hash: md5
      md5: 5d8d12cd733707142b7bb7363dd7f84d.dir
      size: 518984
      nfiles: 2
  pre_processing:
    cmd: python3 src/data/data_prep.py
    deps:
    - path: data/raw
      hash: md5
      md5: 5d8d12cd733707142b7bb7363dd7f84d.dir
      size: 518984
      nfiles: 2
    - path: src/data/data_prep.py
      hash: md5
      md5: 228c2f5058e55dd8461869e1d92065fa
      size: 1146
    outs:
    - path: data/processed
      hash: md5
      md5: 368e7d290d23cac0f94945232f6032ef.dir
      size: 518608
      nfiles: 2
  model_building:
    cmd: python3 src/model/model_building.py
    deps:
    - path: data/processed
      hash: md5
      md5: 368e7d290d23cac0f94945232f6032ef.dir
      size: 518608
      nfiles: 2
    - path: src/model/model_building.py
      hash: md5
      md5: 2014e0ac3f619bc7b7ae7b5cdb3d605b
      size: 2196
    params:
      params.yaml:
        model_building.n_estimators: 1000
    outs:
    - path: models/model.pkl
      hash: md5
      md5: 7ad6b249a95eb9e384b1f63bf2665b2f
      size: 80733862
  model_evaluation:
    cmd: python3 src/model/model_eval.py
    deps:
    - path: models/model.pkl
      hash: md5
      md5: 7ad6b249a95eb9e384b1f63bf2665b2f
      size: 80733862
    - path: src/model/model_eval.py
      hash: md5
      md5: 39405ef17b7ca3af14a2dd3e0f7900e4
      size: 3092
    outs:
    - path: reports/metrics.json
      hash: md5
      md5: f43a24660931e897e7f9bd325b9d0f08
      size: 151
